
Microsoft Visual Studio Solution File, Format Version 12.00
Project("{FAE04EC0-301F-11D3-BF4B-00C04F79EFBC}") = "ComprarDolar", "ComprarDolar\ComprarDolar.csproj", "{90EDD2C0-A2BC-4752-9874-54041A71872F}"
EndProject
Global
	GlobalSection(SolutionConfigurationPlatforms) = preSolution
		Debug|Any CPU = Debug|Any CPU
		Release|Any CPU = Release|Any CPU
	EndGlobalSection
	GlobalSection(ProjectConfigurationPlatforms) = postSolution
		{90EDD2C0-A2BC-4752-9874-54041A71872F}.Debug|Any CPU.ActiveCfg = Debug|Any CPU
		{90EDD2C0-A2BC-4752-9874-54041A71872F}.Debug|Any CPU.Build.0 = Debug|Any CPU
		{90EDD2C0-A2BC-4752-9874-54041A71872F}.Release|Any CPU.ActiveCfg = Release|Any CPU
		{90EDD2C0-A2BC-4752-9874-54041A71872F}.Release|Any CPU.Build.0 = Release|Any CPU
	EndGlobalSection
EndGlobal
